<?xml version="1.0" encoding="utf-8"?>
<Project ToolsVersion="4.0" xmlns="http://schemas.microsoft.com/developer/msbuild/2003">
  <ItemGroup>
    <Filter Include="源文件">
      <UniqueIdentifier>{4FC737F1-C7A5-4376-A066-2A32D752A2FF}</UniqueIdentifier>
      <Extensions>cpp;c;cc;cxx;def;odl;idl;hpj;bat;asm;asmx</Extensions>
    </Filter>
    <Filter Include="头文件">
      <UniqueIdentifier>{93995380-89BD-4b04-88EB-625FBE52EBFB}</UniqueIdentifier>
      <Extensions>h;hpp;hxx;hm;inl;inc;xsd</Extensions>
    </Filter>
    <Filter Include="资源文件">
      <UniqueIdentifier>{67DA6AB6-F800-4c08-8B7A-83BB121AAD01}</UniqueIdentifier>
      <Extensions>rc;ico;cur;bmp;dlg;rc2;rct;bin;rgs;gif;jpg;jpeg;jpe;resx;tiff;tif;png;wav;mfcribbon-ms</Extensions>
    </Filter>
    <Filter Include="头文件\Image">
      <UniqueIdentifier>{954c46fd-e7ea-466b-8f25-ef87cf08631a}</UniqueIdentifier>
    </Filter>
    <Filter Include="源文件\Image">
      <UniqueIdentifier>{b016c978-122d-4b16-b3d0-9d974015cf20}</UniqueIdentifier>
    </Filter>
  </ItemGroup>
  <ItemGroup>
    <ClCompile Include="BaseGame.cpp">
      <Filter>源文件</Filter>
    </ClCompile>
    <ClCompile Include="Graphic.cpp">
      <Filter>源文件\Image</Filter>
    </ClCompile>
    <ClCompile Include="BackgroundAnimation.cpp">
      <Filter>源文件\Image</Filter>
    </ClCompile>
    <ClCompile Include="RenderDelegate.cpp">
      <Filter>源文件\Image</Filter>
    </ClCompile>
    <ClCompile Include="State.cpp">
      <Filter>源文件</Filter>
    </ClCompile>
    <ClCompile Include="Context.cpp">
      <Filter>源文件</Filter>
    </ClCompile>
    <ClCompile Include="ImmediateData.cpp">
      <Filter>源文件</Filter>
    </ClCompile>
    <ClCompile Include="NumberImage.cpp">
      <Filter>源文件\Image</Filter>
    </ClCompile>
    <ClCompile Include="Main.cpp">
      <Filter>源文件</Filter>
    </ClCompile>
    <ClCompile Include="GameManager.cpp">
      <Filter>源文件</Filter>
    </ClCompile>
    <ClCompile Include="SerialPort.cpp">
      <Filter>源文件</Filter>
    </ClCompile>
    <ClCompile Include="Sound.cpp">
      <Filter>源文件</Filter>
    </ClCompile>
    <ClCompile Include="SettingGUI.cpp">
      <Filter>源文件\Image</Filter>
    </ClCompile>
    <ClCompile Include="DInput.cpp">
      <Filter>源文件</Filter>
    </ClCompile>
    <ClCompile Include="GUI.cpp">
      <Filter>源文件\Image</Filter>
    </ClCompile>
  </ItemGroup>
  <ItemGroup>
    <ClInclude Include="GameManager.h">
      <Filter>头文件</Filter>
    </ClInclude>
    <ClInclude Include="Header.h">
      <Filter>头文件</Filter>
    </ClInclude>
    <ClInclude Include="BaseGame.h">
      <Filter>头文件</Filter>
    </ClInclude>
    <ClInclude Include="Graphic.h">
      <Filter>头文件\Image</Filter>
    </ClInclude>
    <ClInclude Include="RenderDelegate.h">
      <Filter>头文件\Image</Filter>
    </ClInclude>
    <ClInclude Include="BackgroundAnimation.h">
      <Filter>头文件\Image</Filter>
    </ClInclude>
    <ClInclude Include="DelegateHandler.h">
      <Filter>头文件\Image</Filter>
    </ClInclude>
    <ClInclude Include="Context.h">
      <Filter>头文件</Filter>
    </ClInclude>
    <ClInclude Include="ImmediateData.h">
      <Filter>头文件</Filter>
    </ClInclude>
    <ClInclude Include="NumberImage.h">
      <Filter>头文件\Image</Filter>
    </ClInclude>
    <ClInclude Include="SerialPort.h">
      <Filter>头文件</Filter>
    </ClInclude>
    <ClInclude Include="State.h">
      <Filter>头文件</Filter>
    </ClInclude>
    <ClInclude Include="Sound.h">
      <Filter>头文件</Filter>
    </ClInclude>
    <ClInclude Include="HAssert.h">
      <Filter>头文件</Filter>
    </ClInclude>
    <ClInclude Include="SettingGUI.h">
      <Filter>头文件\Image</Filter>
    </ClInclude>
    <ClInclude Include="DInput.h">
      <Filter>头文件</Filter>
    </ClInclude>
    <ClInclude Include="GUI.h">
      <Filter>头文件\Image</Filter>
    </ClInclude>
  </ItemGroup>
</Project>